
Microsoft Visual Studio Solution File, Format Version 12.00
# Visual Studio Version 16
VisualStudioVersion = 16.0.29519.181
MinimumVisualStudioVersion = 10.0.40219.1
Project("{FAE04EC0-301F-11D3-BF4B-00C04F79EFBC}") = "CodilityTasks", "CodilityTests\CodilityTasks.csproj", "{BA02B21A-9465-4267-B77C-95D35CCE9103}"
EndProject
Project("{FAE04EC0-301F-11D3-BF4B-00C04F79EFBC}") = "CodilityTasksNUnitTests", "CodilityTestsNUnitTests\CodilityTasksNUnitTests.csproj", "{2DB840A2-3AEC-48A6-81DE-54EDF0C4CE7E}"
EndProject
Global
	GlobalSection(SolutionConfigurationPlatforms) = preSolution
		Debug|Any CPU = Debug|Any CPU
		Release|Any CPU = Release|Any CPU
	EndGlobalSection
	GlobalSection(ProjectConfigurationPlatforms) = postSolution
		{BA02B21A-9465-4267-B77C-95D35CCE9103}.Debug|Any CPU.ActiveCfg = Debug|Any CPU
		{BA02B21A-9465-4267-B77C-95D35CCE9103}.Debug|Any CPU.Build.0 = Debug|Any CPU
		{BA02B21A-9465-4267-B77C-95D35CCE9103}.Release|Any CPU.ActiveCfg = Release|Any CPU
		{BA02B21A-9465-4267-B77C-95D35CCE9103}.Release|Any CPU.Build.0 = Release|Any CPU
		{2DB840A2-3AEC-48A6-81DE-54EDF0C4CE7E}.Debug|Any CPU.ActiveCfg = Debug|Any CPU
		{2DB840A2-3AEC-48A6-81DE-54EDF0C4CE7E}.Debug|Any CPU.Build.0 = Debug|Any CPU
		{2DB840A2-3AEC-48A6-81DE-54EDF0C4CE7E}.Release|Any CPU.ActiveCfg = Release|Any CPU
		{2DB840A2-3AEC-48A6-81DE-54EDF0C4CE7E}.Release|Any CPU.Build.0 = Release|Any CPU
	EndGlobalSection
	GlobalSection(SolutionProperties) = preSolution
		HideSolutionNode = FALSE
	EndGlobalSection
	GlobalSection(ExtensibilityGlobals) = postSolution
		SolutionGuid = {D976ED33-500E-479D-B6C1-937D2A1DC6D8}
	EndGlobalSection
EndGlobal
